
Microsoft Visual Studio Solution File, Format Version 12.00
# Visual Studio 15
VisualStudioVersion = 15.0.28010.2036
MinimumVisualStudioVersion = 10.0.40219.1
Project("{FAE04EC0-301F-11D3-BF4B-00C04F79EFBC}") = "LightGIS", "LightGIS\LightGIS.csproj", "{1E640EED-FB25-4710-AC26-E054B110DD06}"
EndProject
Global
	GlobalSection(SolutionConfigurationPlatforms) = preSolution
		Debug|Any CPU = Debug|Any CPU
		Release|Any CPU = Release|Any CPU
	EndGlobalSection
	GlobalSection(ProjectConfigurationPlatforms) = postSolution
		{1E640EED-FB25-4710-AC26-E054B110DD06}.Debug|Any CPU.ActiveCfg = Debug|Any CPU
		{1E640EED-FB25-4710-AC26-E054B110DD06}.Debug|Any CPU.Build.0 = Debug|Any CPU
		{1E640EED-FB25-4710-AC26-E054B110DD06}.Release|Any CPU.ActiveCfg = Release|Any CPU
		{1E640EED-FB25-4710-AC26-E054B110DD06}.Release|Any CPU.Build.0 = Release|Any CPU
	EndGlobalSection
	GlobalSection(SolutionProperties) = preSolution
		HideSolutionNode = FALSE
	EndGlobalSection
	GlobalSection(ExtensibilityGlobals) = postSolution
		SolutionGuid = {662162DF-02DA-40B3-B169-282D9FA2D3B9}
	EndGlobalSection
EndGlobal
